
Microsoft Visual Studio Solution File, Format Version 12.00
# Visual Studio 2013
VisualStudioVersion = 12.0.21005.1
MinimumVisualStudioVersion = 10.0.40219.1
Project("{FAE04EC0-301F-11D3-BF4B-00C04F79EFBC}") = "Zouave.Web", "Web\Zouave.Web\Zouave.Web.csproj", "{B2CC0C1E-15D4-4D09-8CF0-CE7A5B4D9023}"
EndProject
Project("{FAE04EC0-301F-11D3-BF4B-00C04F79EFBC}") = "Zouave.Services", "Main\Zouave.Services\Zouave.Services.csproj", "{88B32BBF-40CC-45C5-9101-ADDABFBC9FC8}"
EndProject
Project("{FAE04EC0-301F-11D3-BF4B-00C04F79EFBC}") = "Zouave.Entities", "Main\Zouave.Entities\Zouave.Entities.csproj", "{9E986D4F-1806-4127-878D-6808229148B6}"
EndProject
Project("{FAE04EC0-301F-11D3-BF4B-00C04F79EFBC}") = "Zouave.Data", "Main\Zouave.Data\Zouave.Data.csproj", "{012EA80C-6975-47D1-AD12-1166B542712E}"
EndProject
Project("{FAE04EC0-301F-11D3-BF4B-00C04F79EFBC}") = "Zouave", "Main\Zouave\Zouave.csproj", "{5198A46B-155E-4925-B2C6-7A4D5DDC3629}"
EndProject
Project("{2150E333-8FDC-42A3-9474-1A3956D46DE8}") = "BLL", "BLL", "{AA79246C-AFE8-400C-B0C3-6699BB1B2483}"
EndProject
Project("{FAE04EC0-301F-11D3-BF4B-00C04F79EFBC}") = "Zouave.Test", "Main\Zouave.Test\Zouave.Test.csproj", "{7C58524F-F805-4E85-A10C-1CD9372F6194}"
EndProject
Global
	GlobalSection(SolutionConfigurationPlatforms) = preSolution
		Debug|Any CPU = Debug|Any CPU
		Release|Any CPU = Release|Any CPU
	EndGlobalSection
	GlobalSection(ProjectConfigurationPlatforms) = postSolution
		{B2CC0C1E-15D4-4D09-8CF0-CE7A5B4D9023}.Debug|Any CPU.ActiveCfg = Debug|Any CPU
		{B2CC0C1E-15D4-4D09-8CF0-CE7A5B4D9023}.Debug|Any CPU.Build.0 = Debug|Any CPU
		{B2CC0C1E-15D4-4D09-8CF0-CE7A5B4D9023}.Release|Any CPU.ActiveCfg = Release|Any CPU
		{B2CC0C1E-15D4-4D09-8CF0-CE7A5B4D9023}.Release|Any CPU.Build.0 = Release|Any CPU
		{88B32BBF-40CC-45C5-9101-ADDABFBC9FC8}.Debug|Any CPU.ActiveCfg = Debug|Any CPU
		{88B32BBF-40CC-45C5-9101-ADDABFBC9FC8}.Debug|Any CPU.Build.0 = Debug|Any CPU
		{88B32BBF-40CC-45C5-9101-ADDABFBC9FC8}.Release|Any CPU.ActiveCfg = Release|Any CPU
		{88B32BBF-40CC-45C5-9101-ADDABFBC9FC8}.Release|Any CPU.Build.0 = Release|Any CPU
		{9E986D4F-1806-4127-878D-6808229148B6}.Debug|Any CPU.ActiveCfg = Debug|Any CPU
		{9E986D4F-1806-4127-878D-6808229148B6}.Debug|Any CPU.Build.0 = Debug|Any CPU
		{9E986D4F-1806-4127-878D-6808229148B6}.Release|Any CPU.ActiveCfg = Release|Any CPU
		{9E986D4F-1806-4127-878D-6808229148B6}.Release|Any CPU.Build.0 = Release|Any CPU
		{012EA80C-6975-47D1-AD12-1166B542712E}.Debug|Any CPU.ActiveCfg = Debug|Any CPU
		{012EA80C-6975-47D1-AD12-1166B542712E}.Debug|Any CPU.Build.0 = Debug|Any CPU
		{012EA80C-6975-47D1-AD12-1166B542712E}.Release|Any CPU.ActiveCfg = Release|Any CPU
		{012EA80C-6975-47D1-AD12-1166B542712E}.Release|Any CPU.Build.0 = Release|Any CPU
		{5198A46B-155E-4925-B2C6-7A4D5DDC3629}.Debug|Any CPU.ActiveCfg = Debug|Any CPU
		{5198A46B-155E-4925-B2C6-7A4D5DDC3629}.Debug|Any CPU.Build.0 = Debug|Any CPU
		{5198A46B-155E-4925-B2C6-7A4D5DDC3629}.Release|Any CPU.ActiveCfg = Release|Any CPU
		{5198A46B-155E-4925-B2C6-7A4D5DDC3629}.Release|Any CPU.Build.0 = Release|Any CPU
		{7C58524F-F805-4E85-A10C-1CD9372F6194}.Debug|Any CPU.ActiveCfg = Debug|Any CPU
		{7C58524F-F805-4E85-A10C-1CD9372F6194}.Debug|Any CPU.Build.0 = Debug|Any CPU
		{7C58524F-F805-4E85-A10C-1CD9372F6194}.Release|Any CPU.ActiveCfg = Release|Any CPU
		{7C58524F-F805-4E85-A10C-1CD9372F6194}.Release|Any CPU.Build.0 = Release|Any CPU
	EndGlobalSection
	GlobalSection(SolutionProperties) = preSolution
		HideSolutionNode = FALSE
	EndGlobalSection
	GlobalSection(NestedProjects) = preSolution
		{B2CC0C1E-15D4-4D09-8CF0-CE7A5B4D9023} = {AA79246C-AFE8-400C-B0C3-6699BB1B2483}
		{9E986D4F-1806-4127-878D-6808229148B6} = {AA79246C-AFE8-400C-B0C3-6699BB1B2483}
		{012EA80C-6975-47D1-AD12-1166B542712E} = {AA79246C-AFE8-400C-B0C3-6699BB1B2483}
		{88B32BBF-40CC-45C5-9101-ADDABFBC9FC8} = {AA79246C-AFE8-400C-B0C3-6699BB1B2483}
	EndGlobalSection
EndGlobal
