
Microsoft Visual Studio Solution File, Format Version 12.00
# Visual Studio 2013
VisualStudioVersion = 12.0.30501.0
MinimumVisualStudioVersion = 10.0.40219.1
Project("{FAE04EC0-301F-11D3-BF4B-00C04F79EFBC}") = "Zouave.Web", "Web\Zouave.Web\Zouave.Web.csproj", "{B2CC0C1E-15D4-4D09-8CF0-CE7A5B4D9023}"
EndProject
Project("{FAE04EC0-301F-11D3-BF4B-00C04F79EFBC}") = "Zouave", "Main\Zouave\Zouave.csproj", "{5198A46B-155E-4925-B2C6-7A4D5DDC3629}"
EndProject
Project("{2150E333-8FDC-42A3-9474-1A3956D46DE8}") = "None", "None", "{AA79246C-AFE8-400C-B0C3-6699BB1B2483}"
EndProject
Project("{2150E333-8FDC-42A3-9474-1A3956D46DE8}") = "Infrastructure", "Infrastructure", "{D1C8A16B-8F9F-4535-9C25-D04E18EC6DB8}"
EndProject
Global
	GlobalSection(SolutionConfigurationPlatforms) = preSolution
		Debug|Any CPU = Debug|Any CPU
		Release|Any CPU = Release|Any CPU
	EndGlobalSection
	GlobalSection(ProjectConfigurationPlatforms) = postSolution
		{B2CC0C1E-15D4-4D09-8CF0-CE7A5B4D9023}.Debug|Any CPU.ActiveCfg = Debug|Any CPU
		{B2CC0C1E-15D4-4D09-8CF0-CE7A5B4D9023}.Debug|Any CPU.Build.0 = Debug|Any CPU
		{B2CC0C1E-15D4-4D09-8CF0-CE7A5B4D9023}.Release|Any CPU.ActiveCfg = Release|Any CPU
		{B2CC0C1E-15D4-4D09-8CF0-CE7A5B4D9023}.Release|Any CPU.Build.0 = Release|Any CPU
		{5198A46B-155E-4925-B2C6-7A4D5DDC3629}.Debug|Any CPU.ActiveCfg = Debug|Any CPU
		{5198A46B-155E-4925-B2C6-7A4D5DDC3629}.Debug|Any CPU.Build.0 = Debug|Any CPU
		{5198A46B-155E-4925-B2C6-7A4D5DDC3629}.Release|Any CPU.ActiveCfg = Release|Any CPU
		{5198A46B-155E-4925-B2C6-7A4D5DDC3629}.Release|Any CPU.Build.0 = Release|Any CPU
	EndGlobalSection
	GlobalSection(SolutionProperties) = preSolution
		HideSolutionNode = FALSE
	EndGlobalSection
	GlobalSection(NestedProjects) = preSolution
		{B2CC0C1E-15D4-4D09-8CF0-CE7A5B4D9023} = {AA79246C-AFE8-400C-B0C3-6699BB1B2483}
		{5198A46B-155E-4925-B2C6-7A4D5DDC3629} = {D1C8A16B-8F9F-4535-9C25-D04E18EC6DB8}
	EndGlobalSection
EndGlobal
