
Microsoft Visual Studio Solution File, Format Version 12.00
# Visual Studio 2013
VisualStudioVersion = 12.0.21005.1
MinimumVisualStudioVersion = 10.0.40219.1
Project("{FAE04EC0-301F-11D3-BF4B-00C04F79EFBC}") = "Zouave.Web", "Web\Zouave.Web\Zouave.Web.csproj", "{B2CC0C1E-15D4-4D09-8CF0-CE7A5B4D9023}"
EndProject
Project("{2150E333-8FDC-42A3-9474-1A3956D46DE8}") = "Web(展现)", "Web(展现)", "{AA79246C-AFE8-400C-B0C3-6699BB1B2483}"
EndProject
Project("{2150E333-8FDC-42A3-9474-1A3956D46DE8}") = "Infrastructure(底层基础设施)", "Infrastructure(底层基础设施)", "{D1C8A16B-8F9F-4535-9C25-D04E18EC6DB8}"
EndProject
Project("{FAE04EC0-301F-11D3-BF4B-00C04F79EFBC}") = "Zouave.Web.Framework", "Web\Zouave.Web.Framework\Zouave.Web.Framework.csproj", "{2BADF35A-7210-4DF3-86C7-6CA773ABF408}"
EndProject
Project("{2150E333-8FDC-42A3-9474-1A3956D46DE8}") = "Main(业务核心)", "Main(业务核心)", "{37CC1252-6A46-4CAC-B7A5-9169A88C96D9}"
EndProject
Project("{FAE04EC0-301F-11D3-BF4B-00C04F79EFBC}") = "Zouave", "Infrastructure\Zouave\Zouave.csproj", "{5198A46B-155E-4925-B2C6-7A4D5DDC3629}"
EndProject
Project("{FAE04EC0-301F-11D3-BF4B-00C04F79EFBC}") = "Zouave.Data", "Main\Zouave.Data\Zouave.Data.csproj", "{9138845C-20A5-488F-A733-8E76C90EFAC3}"
EndProject
Project("{FAE04EC0-301F-11D3-BF4B-00C04F79EFBC}") = "Zouave.Domain", "Main\Zouave.Domain\Zouave.Domain.csproj", "{04D9DB63-9B5D-4769-86AB-F619FED93F39}"
EndProject
Project("{FAE04EC0-301F-11D3-BF4B-00C04F79EFBC}") = "Zouave.Dto", "Main\Zouave.Dto\Zouave.Dto.csproj", "{46EAE82D-AF06-4D9D-A7F7-723E5B4459B3}"
EndProject
Project("{FAE04EC0-301F-11D3-BF4B-00C04F79EFBC}") = "Zouave.Framework", "Infrastructure\Zouave.Framework\Zouave.Framework.csproj", "{1D92D7CD-97D0-43EF-9B05-FF867FC4C762}"
EndProject
Project("{2150E333-8FDC-42A3-9474-1A3956D46DE8}") = "01第三方程序集", "01第三方程序集", "{E17B9620-A3E1-4ADE-8171-D38CDF886F33}"
	ProjectSection(SolutionItems) = preProject
		libs\PerlRegex.dll = libs\PerlRegex.dll
		libs\UserAgentStringLibrary.dll = libs\UserAgentStringLibrary.dll
	EndProjectSection
EndProject
Project("{FAE04EC0-301F-11D3-BF4B-00C04F79EFBC}") = "Zouave.ApplicationServices", "Main\Zouave.ApplicationServices\Zouave.ApplicationServices.csproj", "{9B5C7960-297A-490E-8C53-942F2CD4F1E7}"
EndProject
Global
	GlobalSection(SolutionConfigurationPlatforms) = preSolution
		Debug|Any CPU = Debug|Any CPU
		Release|Any CPU = Release|Any CPU
	EndGlobalSection
	GlobalSection(ProjectConfigurationPlatforms) = postSolution
		{B2CC0C1E-15D4-4D09-8CF0-CE7A5B4D9023}.Debug|Any CPU.ActiveCfg = Debug|Any CPU
		{B2CC0C1E-15D4-4D09-8CF0-CE7A5B4D9023}.Debug|Any CPU.Build.0 = Debug|Any CPU
		{B2CC0C1E-15D4-4D09-8CF0-CE7A5B4D9023}.Release|Any CPU.ActiveCfg = Release|Any CPU
		{B2CC0C1E-15D4-4D09-8CF0-CE7A5B4D9023}.Release|Any CPU.Build.0 = Release|Any CPU
		{2BADF35A-7210-4DF3-86C7-6CA773ABF408}.Debug|Any CPU.ActiveCfg = Debug|Any CPU
		{2BADF35A-7210-4DF3-86C7-6CA773ABF408}.Debug|Any CPU.Build.0 = Debug|Any CPU
		{2BADF35A-7210-4DF3-86C7-6CA773ABF408}.Release|Any CPU.ActiveCfg = Release|Any CPU
		{2BADF35A-7210-4DF3-86C7-6CA773ABF408}.Release|Any CPU.Build.0 = Release|Any CPU
		{5198A46B-155E-4925-B2C6-7A4D5DDC3629}.Debug|Any CPU.ActiveCfg = Debug|Any CPU
		{5198A46B-155E-4925-B2C6-7A4D5DDC3629}.Debug|Any CPU.Build.0 = Debug|Any CPU
		{5198A46B-155E-4925-B2C6-7A4D5DDC3629}.Release|Any CPU.ActiveCfg = Release|Any CPU
		{5198A46B-155E-4925-B2C6-7A4D5DDC3629}.Release|Any CPU.Build.0 = Release|Any CPU
		{9138845C-20A5-488F-A733-8E76C90EFAC3}.Debug|Any CPU.ActiveCfg = Debug|Any CPU
		{9138845C-20A5-488F-A733-8E76C90EFAC3}.Debug|Any CPU.Build.0 = Debug|Any CPU
		{9138845C-20A5-488F-A733-8E76C90EFAC3}.Release|Any CPU.ActiveCfg = Release|Any CPU
		{9138845C-20A5-488F-A733-8E76C90EFAC3}.Release|Any CPU.Build.0 = Release|Any CPU
		{04D9DB63-9B5D-4769-86AB-F619FED93F39}.Debug|Any CPU.ActiveCfg = Debug|Any CPU
		{04D9DB63-9B5D-4769-86AB-F619FED93F39}.Debug|Any CPU.Build.0 = Debug|Any CPU
		{04D9DB63-9B5D-4769-86AB-F619FED93F39}.Release|Any CPU.ActiveCfg = Release|Any CPU
		{04D9DB63-9B5D-4769-86AB-F619FED93F39}.Release|Any CPU.Build.0 = Release|Any CPU
		{46EAE82D-AF06-4D9D-A7F7-723E5B4459B3}.Debug|Any CPU.ActiveCfg = Debug|Any CPU
		{46EAE82D-AF06-4D9D-A7F7-723E5B4459B3}.Debug|Any CPU.Build.0 = Debug|Any CPU
		{46EAE82D-AF06-4D9D-A7F7-723E5B4459B3}.Release|Any CPU.ActiveCfg = Release|Any CPU
		{46EAE82D-AF06-4D9D-A7F7-723E5B4459B3}.Release|Any CPU.Build.0 = Release|Any CPU
		{1D92D7CD-97D0-43EF-9B05-FF867FC4C762}.Debug|Any CPU.ActiveCfg = Debug|Any CPU
		{1D92D7CD-97D0-43EF-9B05-FF867FC4C762}.Debug|Any CPU.Build.0 = Debug|Any CPU
		{1D92D7CD-97D0-43EF-9B05-FF867FC4C762}.Release|Any CPU.ActiveCfg = Release|Any CPU
		{1D92D7CD-97D0-43EF-9B05-FF867FC4C762}.Release|Any CPU.Build.0 = Release|Any CPU
		{9B5C7960-297A-490E-8C53-942F2CD4F1E7}.Debug|Any CPU.ActiveCfg = Debug|Any CPU
		{9B5C7960-297A-490E-8C53-942F2CD4F1E7}.Debug|Any CPU.Build.0 = Debug|Any CPU
		{9B5C7960-297A-490E-8C53-942F2CD4F1E7}.Release|Any CPU.ActiveCfg = Release|Any CPU
		{9B5C7960-297A-490E-8C53-942F2CD4F1E7}.Release|Any CPU.Build.0 = Release|Any CPU
	EndGlobalSection
	GlobalSection(SolutionProperties) = preSolution
		HideSolutionNode = FALSE
	EndGlobalSection
	GlobalSection(NestedProjects) = preSolution
		{B2CC0C1E-15D4-4D09-8CF0-CE7A5B4D9023} = {AA79246C-AFE8-400C-B0C3-6699BB1B2483}
		{2BADF35A-7210-4DF3-86C7-6CA773ABF408} = {AA79246C-AFE8-400C-B0C3-6699BB1B2483}
		{5198A46B-155E-4925-B2C6-7A4D5DDC3629} = {D1C8A16B-8F9F-4535-9C25-D04E18EC6DB8}
		{9138845C-20A5-488F-A733-8E76C90EFAC3} = {37CC1252-6A46-4CAC-B7A5-9169A88C96D9}
		{04D9DB63-9B5D-4769-86AB-F619FED93F39} = {37CC1252-6A46-4CAC-B7A5-9169A88C96D9}
		{46EAE82D-AF06-4D9D-A7F7-723E5B4459B3} = {37CC1252-6A46-4CAC-B7A5-9169A88C96D9}
		{1D92D7CD-97D0-43EF-9B05-FF867FC4C762} = {37CC1252-6A46-4CAC-B7A5-9169A88C96D9}
		{9B5C7960-297A-490E-8C53-942F2CD4F1E7} = {37CC1252-6A46-4CAC-B7A5-9169A88C96D9}
	EndGlobalSection
EndGlobal
